version = 1
requires-python = ">=3.9"

[[package]]
name = "grpcio"
version = "1.71.0"
source = { registry = "https://pypi.org/simple" }
sdist = { url = "https://files.pythonhosted.org/packages/1c/95/aa11fc09a85d91fbc7dd405dcb2a1e0256989d67bf89fa65ae24b3ba105a/grpcio-1.71.0.tar.gz", hash = "sha256:2b85f7820475ad3edec209d3d89a7909ada16caab05d3f2e08a7e8ae3200a55c", size = 12549828 }
wheels = [
    { url = "https://files.pythonhosted.org/packages/7c/c5/ef610b3f988cc0cc67b765f72b8e2db06a1db14e65acb5ae7810a6b7042e/grpcio-1.71.0-cp310-cp310-linux_armv7l.whl", hash = "sha256:c200cb6f2393468142eb50ab19613229dcc7829b5ccee8b658a36005f6669fdd", size = 5210643 },
    { url = "https://files.pythonhosted.org/packages/bf/de/c84293c961622df302c0d5d07ec6e2d4cd3874ea42f602be2df09c4ad44f/grpcio-1.71.0-cp310-cp310-macosx_12_0_universal2.whl", hash = "sha256:b2266862c5ad664a380fbbcdbdb8289d71464c42a8c29053820ee78ba0119e5d", size = 11308962 },
    { url = "https://files.pythonhosted.org/packages/7c/38/04c9e0dc8c904570c80faa1f1349b190b63e45d6b2782ec8567b050efa9d/grpcio-1.71.0-cp310-cp310-manylinux_2_17_aarch64.whl", hash = "sha256:0ab8b2864396663a5b0b0d6d79495657ae85fa37dcb6498a2669d067c65c11ea", size = 5699236 },
    { url = "https://files.pythonhosted.org/packages/95/96/e7be331d1298fa605ea7c9ceafc931490edd3d5b33c4f695f1a0667f3491/grpcio-1.71.0-cp310-cp310-manylinux_2_17_i686.manylinux2014_i686.whl", hash = "sha256:c30f393f9d5ff00a71bb56de4aa75b8fe91b161aeb61d39528db6b768d7eac69", size = 6339767 },
    { url = "https://files.pythonhosted.org/packages/5d/b7/7e7b7bb6bb18baf156fd4f2f5b254150dcdd6cbf0def1ee427a2fb2bfc4d/grpcio-1.71.0-cp310-cp310-manylinux_2_17_x86_64.manylinux2014_x86_64.whl", hash = "sha256:f250ff44843d9a0615e350c77f890082102a0318d66a99540f54769c8766ab73", size = 5943028 },
    { url = "https://files.pythonhosted.org/packages/13/aa/5fb756175995aeb47238d706530772d9a7ac8e73bcca1b47dc145d02c95f/grpcio-1.71.0-cp310-cp310-musllinux_1_1_aarch64.whl", hash = "sha256:e6d8de076528f7c43a2f576bc311799f89d795aa6c9b637377cc2b1616473804", size = 6031841 },
    { url = "https://files.pythonhosted.org/packages/54/93/172783e01eed61f7f180617b7fa4470f504e383e32af2587f664576a7101/grpcio-1.71.0-cp310-cp310-musllinux_1_1_i686.whl", hash = "sha256:9b91879d6da1605811ebc60d21ab6a7e4bae6c35f6b63a061d61eb818c8168f6", size = 6651039 },
    { url = "https://files.pythonhosted.org/packages/6f/99/62654b220a27ed46d3313252214f4bc66261143dc9b58004085cd0646753/grpcio-1.71.0-cp310-cp310-musllinux_1_1_x86_64.whl", hash = "sha256:f71574afdf944e6652203cd1badcda195b2a27d9c83e6d88dc1ce3cfb73b31a5", size = 6198465 },
    { url = "https://files.pythonhosted.org/packages/68/35/96116de833b330abe4412cc94edc68f99ed2fa3e39d8713ff307b3799e81/grpcio-1.71.0-cp310-cp310-win32.whl", hash = "sha256:8997d6785e93308f277884ee6899ba63baafa0dfb4729748200fcc537858a509", size = 3620382 },
    { url = "https://files.pythonhosted.org/packages/b7/09/f32ef637e386f3f2c02effac49699229fa560ce9007682d24e9e212d2eb4/grpcio-1.71.0-cp310-cp310-win_amd64.whl", hash = "sha256:7d6ac9481d9d0d129224f6d5934d5832c4b1cddb96b59e7eba8416868909786a", size = 4280302 },
    { url = "https://files.pythonhosted.org/packages/63/04/a085f3ad4133426f6da8c1becf0749872a49feb625a407a2e864ded3fb12/grpcio-1.71.0-cp311-cp311-linux_armv7l.whl", hash = "sha256:d6aa986318c36508dc1d5001a3ff169a15b99b9f96ef5e98e13522c506b37eef", size = 5210453 },
    { url = "https://files.pythonhosted.org/packages/b4/d5/0bc53ed33ba458de95020970e2c22aa8027b26cc84f98bea7fcad5d695d1/grpcio-1.71.0-cp311-cp311-macosx_10_14_universal2.whl", hash = "sha256:d2c170247315f2d7e5798a22358e982ad6eeb68fa20cf7a820bb74c11f0736e7", size = 11347567 },
    { url = "https://files.pythonhosted.org/packages/e3/6d/ce334f7e7a58572335ccd61154d808fe681a4c5e951f8a1ff68f5a6e47ce/grpcio-1.71.0-cp311-cp311-manylinux_2_17_aarch64.whl", hash = "sha256:e6f83a583ed0a5b08c5bc7a3fe860bb3c2eac1f03f1f63e0bc2091325605d2b7", size = 5696067 },
    { url = "https://files.pythonhosted.org/packages/05/4a/80befd0b8b1dc2b9ac5337e57473354d81be938f87132e147c4a24a581bd/grpcio-1.71.0-cp311-cp311-manylinux_2_17_i686.manylinux2014_i686.whl", hash = "sha256:4be74ddeeb92cc87190e0e376dbc8fc7736dbb6d3d454f2fa1f5be1dee26b9d7", size = 6348377 },
    { url = "https://files.pythonhosted.org/packages/c7/67/cbd63c485051eb78663355d9efd1b896cfb50d4a220581ec2cb9a15cd750/grpcio-1.71.0-cp311-cp311-manylinux_2_17_x86_64.manylinux2014_x86_64.whl", hash = "sha256:4dd0dfbe4d5eb1fcfec9490ca13f82b089a309dc3678e2edabc144051270a66e", size = 5940407 },
    { url = "https://files.pythonhosted.org/packages/98/4b/7a11aa4326d7faa499f764eaf8a9b5a0eb054ce0988ee7ca34897c2b02ae/grpcio-1.71.0-cp311-cp311-musllinux_1_1_aarch64.whl", hash = "sha256:a2242d6950dc892afdf9e951ed7ff89473aaf744b7d5727ad56bdaace363722b", size = 6030915 },
    { url = "https://files.pythonhosted.org/packages/eb/a2/cdae2d0e458b475213a011078b0090f7a1d87f9a68c678b76f6af7c6ac8c/grpcio-1.71.0-cp311-cp311-musllinux_1_1_i686.whl", hash = "sha256:0fa05ee31a20456b13ae49ad2e5d585265f71dd19fbd9ef983c28f926d45d0a7", size = 6648324 },
    { url = "https://files.pythonhosted.org/packages/27/df/f345c8daaa8d8574ce9869f9b36ca220c8845923eb3087e8f317eabfc2a8/grpcio-1.71.0-cp311-cp311-musllinux_1_1_x86_64.whl", hash = "sha256:3d081e859fb1ebe176de33fc3adb26c7d46b8812f906042705346b314bde32c3", size = 6197839 },
    { url = "https://files.pythonhosted.org/packages/f2/2c/cd488dc52a1d0ae1bad88b0d203bc302efbb88b82691039a6d85241c5781/grpcio-1.71.0-cp311-cp311-win32.whl", hash = "sha256:d6de81c9c00c8a23047136b11794b3584cdc1460ed7cbc10eada50614baa1444", size = 3619978 },
    { url = "https://files.pythonhosted.org/packages/ee/3f/cf92e7e62ccb8dbdf977499547dfc27133124d6467d3a7d23775bcecb0f9/grpcio-1.71.0-cp311-cp311-win_amd64.whl", hash = "sha256:24e867651fc67717b6f896d5f0cac0ec863a8b5fb7d6441c2ab428f52c651c6b", size = 4282279 },
    { url = "https://files.pythonhosted.org/packages/4c/83/bd4b6a9ba07825bd19c711d8b25874cd5de72c2a3fbf635c3c344ae65bd2/grpcio-1.71.0-cp312-cp312-linux_armv7l.whl", hash = "sha256:0ff35c8d807c1c7531d3002be03221ff9ae15712b53ab46e2a0b4bb271f38537", size = 5184101 },
    { url = "https://files.pythonhosted.org/packages/31/ea/2e0d90c0853568bf714693447f5c73272ea95ee8dad107807fde740e595d/grpcio-1.71.0-cp312-cp312-macosx_10_14_universal2.whl", hash = "sha256:b78a99cd1ece4be92ab7c07765a0b038194ded2e0a26fd654591ee136088d8d7", size = 11310927 },
    { url = "https://files.pythonhosted.org/packages/ac/bc/07a3fd8af80467390af491d7dc66882db43884128cdb3cc8524915e0023c/grpcio-1.71.0-cp312-cp312-manylinux_2_17_aarch64.whl", hash = "sha256:dc1a1231ed23caac1de9f943d031f1bc38d0f69d2a3b243ea0d664fc1fbd7fec", size = 5654280 },
    { url = "https://files.pythonhosted.org/packages/16/af/21f22ea3eed3d0538b6ef7889fce1878a8ba4164497f9e07385733391e2b/grpcio-1.71.0-cp312-cp312-manylinux_2_17_i686.manylinux2014_i686.whl", hash = "sha256:e6beeea5566092c5e3c4896c6d1d307fb46b1d4bdf3e70c8340b190a69198594", size = 6312051 },
    { url = "https://files.pythonhosted.org/packages/49/9d/e12ddc726dc8bd1aa6cba67c85ce42a12ba5b9dd75d5042214a59ccf28ce/grpcio-1.71.0-cp312-cp312-manylinux_2_17_x86_64.manylinux2014_x86_64.whl", hash = "sha256:d5170929109450a2c031cfe87d6716f2fae39695ad5335d9106ae88cc32dc84c", size = 5910666 },
    { url = "https://files.pythonhosted.org/packages/d9/e9/38713d6d67aedef738b815763c25f092e0454dc58e77b1d2a51c9d5b3325/grpcio-1.71.0-cp312-cp312-musllinux_1_1_aarch64.whl", hash = "sha256:5b08d03ace7aca7b2fadd4baf291139b4a5f058805a8327bfe9aece7253b6d67", size = 6012019 },
    { url = "https://files.pythonhosted.org/packages/80/da/4813cd7adbae6467724fa46c952d7aeac5e82e550b1c62ed2aeb78d444ae/grpcio-1.71.0-cp312-cp312-musllinux_1_1_i686.whl", hash = "sha256:f903017db76bf9cc2b2d8bdd37bf04b505bbccad6be8a81e1542206875d0e9db", size = 6637043 },
    { url = "https://files.pythonhosted.org/packages/52/ca/c0d767082e39dccb7985c73ab4cf1d23ce8613387149e9978c70c3bf3b07/grpcio-1.71.0-cp312-cp312-musllinux_1_1_x86_64.whl", hash = "sha256:469f42a0b410883185eab4689060a20488a1a0a00f8bbb3cbc1061197b4c5a79", size = 6186143 },
    { url = "https://files.pythonhosted.org/packages/00/61/7b2c8ec13303f8fe36832c13d91ad4d4ba57204b1c723ada709c346b2271/grpcio-1.71.0-cp312-cp312-win32.whl", hash = "sha256:ad9f30838550695b5eb302add33f21f7301b882937460dd24f24b3cc5a95067a", size = 3604083 },
    { url = "https://files.pythonhosted.org/packages/fd/7c/1e429c5fb26122055d10ff9a1d754790fb067d83c633ff69eddcf8e3614b/grpcio-1.71.0-cp312-cp312-win_amd64.whl", hash = "sha256:652350609332de6dac4ece254e5d7e1ff834e203d6afb769601f286886f6f3a8", size = 4272191 },
    { url = "https://files.pythonhosted.org/packages/04/dd/b00cbb45400d06b26126dcfdbdb34bb6c4f28c3ebbd7aea8228679103ef6/grpcio-1.71.0-cp313-cp313-linux_armv7l.whl", hash = "sha256:cebc1b34ba40a312ab480ccdb396ff3c529377a2fce72c45a741f7215bfe8379", size = 5184138 },
    { url = "https://files.pythonhosted.org/packages/ed/0a/4651215983d590ef53aac40ba0e29dda941a02b097892c44fa3357e706e5/grpcio-1.71.0-cp313-cp313-macosx_10_14_universal2.whl", hash = "sha256:85da336e3649a3d2171e82f696b5cad2c6231fdd5bad52616476235681bee5b3", size = 11310747 },
    { url = "https://files.pythonhosted.org/packages/57/a3/149615b247f321e13f60aa512d3509d4215173bdb982c9098d78484de216/grpcio-1.71.0-cp313-cp313-manylinux_2_17_aarch64.whl", hash = "sha256:f9a412f55bb6e8f3bb000e020dbc1e709627dcb3a56f6431fa7076b4c1aab0db", size = 5653991 },
    { url = "https://files.pythonhosted.org/packages/ca/56/29432a3e8d951b5e4e520a40cd93bebaa824a14033ea8e65b0ece1da6167/grpcio-1.71.0-cp313-cp313-manylinux_2_17_i686.manylinux2014_i686.whl", hash = "sha256:47be9584729534660416f6d2a3108aaeac1122f6b5bdbf9fd823e11fe6fbaa29", size = 6312781 },
    { url = "https://files.pythonhosted.org/packages/a3/f8/286e81a62964ceb6ac10b10925261d4871a762d2a763fbf354115f9afc98/grpcio-1.71.0-cp313-cp313-manylinux_2_17_x86_64.manylinux2014_x86_64.whl", hash = "sha256:7c9c80ac6091c916db81131d50926a93ab162a7e97e4428ffc186b6e80d6dda4", size = 5910479 },
    { url = "https://files.pythonhosted.org/packages/35/67/d1febb49ec0f599b9e6d4d0d44c2d4afdbed9c3e80deb7587ec788fcf252/grpcio-1.71.0-cp313-cp313-musllinux_1_1_aarch64.whl", hash = "sha256:789d5e2a3a15419374b7b45cd680b1e83bbc1e52b9086e49308e2c0b5bbae6e3", size = 6013262 },
    { url = "https://files.pythonhosted.org/packages/a1/04/f9ceda11755f0104a075ad7163fc0d96e2e3a9fe25ef38adfc74c5790daf/grpcio-1.71.0-cp313-cp313-musllinux_1_1_i686.whl", hash = "sha256:1be857615e26a86d7363e8a163fade914595c81fec962b3d514a4b1e8760467b", size = 6643356 },
    { url = "https://files.pythonhosted.org/packages/fb/ce/236dbc3dc77cf9a9242adcf1f62538734ad64727fabf39e1346ad4bd5c75/grpcio-1.71.0-cp313-cp313-musllinux_1_1_x86_64.whl", hash = "sha256:a76d39b5fafd79ed604c4be0a869ec3581a172a707e2a8d7a4858cb05a5a7637", size = 6186564 },
    { url = "https://files.pythonhosted.org/packages/10/fd/b3348fce9dd4280e221f513dd54024e765b21c348bc475516672da4218e9/grpcio-1.71.0-cp313-cp313-win32.whl", hash = "sha256:74258dce215cb1995083daa17b379a1a5a87d275387b7ffe137f1d5131e2cfbb", size = 3601890 },
    { url = "https://files.pythonhosted.org/packages/be/f8/db5d5f3fc7e296166286c2a397836b8b042f7ad1e11028d82b061701f0f7/grpcio-1.71.0-cp313-cp313-win_amd64.whl", hash = "sha256:22c3bc8d488c039a199f7a003a38cb7635db6656fa96437a8accde8322ce2366", size = 4273308 },
    { url = "https://files.pythonhosted.org/packages/c8/e3/22cb31bbb42de95b35b8f0fb691d8da6e0579e658bb37b86efe2999c702b/grpcio-1.71.0-cp39-cp39-linux_armv7l.whl", hash = "sha256:c6a0a28450c16809f94e0b5bfe52cabff63e7e4b97b44123ebf77f448534d07d", size = 5210667 },
    { url = "https://files.pythonhosted.org/packages/f6/5e/4970fb231e57aad8f41682292343551f58fec5c7a07e261294def3cb8bb6/grpcio-1.71.0-cp39-cp39-macosx_10_14_universal2.whl", hash = "sha256:a371e6b6a5379d3692cc4ea1cb92754d2a47bdddeee755d3203d1f84ae08e03e", size = 11336193 },
    { url = "https://files.pythonhosted.org/packages/7f/a4/dd71a5540d5e86526b39c23060b7d3195f3144af3fe291947b30c3fcbdad/grpcio-1.71.0-cp39-cp39-manylinux_2_17_aarch64.whl", hash = "sha256:39983a9245d37394fd59de71e88c4b295eb510a3555e0a847d9965088cdbd033", size = 5699572 },
    { url = "https://files.pythonhosted.org/packages/d0/69/3e3522d7c2c525a60f4bbf811891925ac7594b768b1ac8e6c9d955a72c45/grpcio-1.71.0-cp39-cp39-manylinux_2_17_i686.manylinux2014_i686.whl", hash = "sha256:9182e0063112e55e74ee7584769ec5a0b4f18252c35787f48738627e23a62b97", size = 6339648 },
    { url = "https://files.pythonhosted.org/packages/32/f2/9d864ca8f3949bf507db9c6a18532c150fc03910dd3d3e17fd4bc5d3e462/grpcio-1.71.0-cp39-cp39-manylinux_2_17_x86_64.manylinux2014_x86_64.whl", hash = "sha256:693bc706c031aeb848849b9d1c6b63ae6bcc64057984bb91a542332b75aa4c3d", size = 5943469 },
    { url = "https://files.pythonhosted.org/packages/9b/58/aec6ce541b7fb2a9efa15d968db5897c2700bd2da6fb159c1d27515f120c/grpcio-1.71.0-cp39-cp39-musllinux_1_1_aarch64.whl", hash = "sha256:20e8f653abd5ec606be69540f57289274c9ca503ed38388481e98fa396ed0b41", size = 6030255 },
    { url = "https://files.pythonhosted.org/packages/f7/4f/7356b7edd1f622d49e72faaea75a5d6ac7bdde8f4c14dd19bcfbafd56f4c/grpcio-1.71.0-cp39-cp39-musllinux_1_1_i686.whl", hash = "sha256:8700a2a57771cc43ea295296330daaddc0d93c088f0a35cc969292b6db959bf3", size = 6651120 },
    { url = "https://files.pythonhosted.org/packages/54/10/c1bb13137dc8d1637e2373a85904aa57991e65ef429791bfb8a64a60d5bd/grpcio-1.71.0-cp39-cp39-musllinux_1_1_x86_64.whl", hash = "sha256:d35a95f05a8a2cbe8e02be137740138b3b2ea5f80bd004444e4f9a1ffc511e32", size = 6197989 },
    { url = "https://files.pythonhosted.org/packages/0e/dc/0fd537831501df786bc2f9ec5ac1724528a344cd146f6335f7991763eb2b/grpcio-1.71.0-cp39-cp39-win32.whl", hash = "sha256:f9c30c464cb2ddfbc2ddf9400287701270fdc0f14be5f08a1e3939f1e749b455", size = 3620173 },
    { url = "https://files.pythonhosted.org/packages/97/22/b1535291aaa9c046c79a9dc4db125f6b9974d41de154221b72da4e8a005c/grpcio-1.71.0-cp39-cp39-win_amd64.whl", hash = "sha256:63e41b91032f298b3e973b3fa4093cbbc620c875e2da7b93e249d4728b54559a", size = 4280941 },
]

[[package]]
name = "grpcio-tools"
version = "1.71.0"
source = { registry = "https://pypi.org/simple" }
dependencies = [
    { name = "grpcio" },
    { name = "protobuf" },
    { name = "setuptools" },
]
sdist = { url = "https://files.pythonhosted.org/packages/05/d2/c0866a48c355a6a4daa1f7e27e210c7fa561b1f3b7c0bce2671e89cfa31e/grpcio_tools-1.71.0.tar.gz", hash = "sha256:38dba8e0d5e0fb23a034e09644fdc6ed862be2371887eee54901999e8f6792a8", size = 5326008 }
wheels = [
    { url = "https://files.pythonhosted.org/packages/f9/60/aa7f261eda558d018457e5c8bd8a8079136e5107a0942fd3167477ab50e2/grpcio_tools-1.71.0-cp310-cp310-linux_armv7l.whl", hash = "sha256:f4ad7f0d756546902597053d70b3af2606fbd70d7972876cd75c1e241d22ae00", size = 2385558 },
    { url = "https://files.pythonhosted.org/packages/0d/e3/e47b96e93e51398ba3462e027d93a10c0c23fffc31733de9bd4f44a2b867/grpcio_tools-1.71.0-cp310-cp310-macosx_12_0_universal2.whl", hash = "sha256:64bdb291df61cf570b5256777ad5fe2b1db6d67bc46e55dc56a0a862722ae329", size = 5930039 },
    { url = "https://files.pythonhosted.org/packages/a6/69/5d8920002483b2a65ae3b03329dfe3b668c3592f001d5358e1538f540012/grpcio_tools-1.71.0-cp310-cp310-manylinux_2_17_aarch64.whl", hash = "sha256:8dd9795e982d77a4b496f7278b943c2563d9afde2069cdee78c111a40cc4d675", size = 2351932 },
    { url = "https://files.pythonhosted.org/packages/c4/50/8116e307662a2337cdc3f0e1a8b23af197129448b7ff7e0cf1a76c9b0178/grpcio_tools-1.71.0-cp310-cp310-manylinux_2_17_i686.manylinux2014_i686.whl", hash = "sha256:c1b5860c41a36b26fec4f52998f1a451d0525a5c9a4fb06b6ea3e9211abdb925", size = 2744962 },
    { url = "https://files.pythonhosted.org/packages/e3/4b/d95be4aaf78d7b02dff3bd332c75c228288178e92af0e5228759ac5002a0/grpcio_tools-1.71.0-cp310-cp310-manylinux_2_17_x86_64.manylinux2014_x86_64.whl", hash = "sha256:3059c14035e5dc03d462f261e5900b9a077fd1a36976c3865b8507474520bad4", size = 2476716 },
    { url = "https://files.pythonhosted.org/packages/37/c2/c784a3705b1a1fd277751a8fc881d5a29325a460b9211e3c6164f594b178/grpcio_tools-1.71.0-cp310-cp310-musllinux_1_1_aarch64.whl", hash = "sha256:f360981b215b1d5aff9235b37e7e1826246e35bbac32a53e41d4e990a37b8f4c", size = 2854132 },
    { url = "https://files.pythonhosted.org/packages/93/8f/173adbf72ed3996e1962182b55abf30151edc8b53daac0bf15cc3dc4b09e/grpcio_tools-1.71.0-cp310-cp310-musllinux_1_1_i686.whl", hash = "sha256:bfe3888c3bbe16a5aa39409bc38744a31c0c3d2daa2b0095978c56e106c85b42", size = 3305069 },
    { url = "https://files.pythonhosted.org/packages/e4/a8/b1e7df63e7f83336275922f92ded1cd6918964c511280b31c872c54538f4/grpcio_tools-1.71.0-cp310-cp310-musllinux_1_1_x86_64.whl", hash = "sha256:145985c0bf12131f0a1503e65763e0f060473f7f3928ed1ff3fb0e8aad5bc8ac", size = 2916636 },
    { url = "https://files.pythonhosted.org/packages/be/a3/53f1e74c6e1c92ad94d7a0127a60fe913276a3e8c864737a053a1574b05c/grpcio_tools-1.71.0-cp310-cp310-win32.whl", hash = "sha256:82c430edd939bb863550ee0fecf067d78feff828908a1b529bbe33cc57f2419c", size = 949576 },
    { url = "https://files.pythonhosted.org/packages/97/43/4a3ae830c1405bcb1ba47f2225779dbe9fc009ba341d4a90012919304855/grpcio_tools-1.71.0-cp310-cp310-win_amd64.whl", hash = "sha256:83e90724e3f02415c628e4ead1d6ffe063820aaaa078d9a39176793df958cd5a", size = 1121087 },
    { url = "https://files.pythonhosted.org/packages/5d/ec/73b9797ffec80e1faf039ce3e2f0513e26e1a68eedc525ed294ae2a44d03/grpcio_tools-1.71.0-cp311-cp311-linux_armv7l.whl", hash = "sha256:1f19b16b49afa5d21473f49c0966dd430c88d089cd52ac02404d8cef67134efb", size = 2385557 },
    { url = "https://files.pythonhosted.org/packages/bf/87/42c6e192b7b09c9610a53e771797f7826aee4f6e769683985ae406a2d862/grpcio_tools-1.71.0-cp311-cp311-macosx_10_14_universal2.whl", hash = "sha256:459c8f5e00e390aecd5b89de67deb3ec7188a274bc6cb50e43cef35ab3a3f45d", size = 5954404 },
    { url = "https://files.pythonhosted.org/packages/25/30/3fd385a56d32dce34cde09a64dbaf7cf85d395f2bcd86dd41e4b4ee5938f/grpcio_tools-1.71.0-cp311-cp311-manylinux_2_17_aarch64.whl", hash = "sha256:edab7e6518de01196be37f96cb1e138c3819986bf5e2a6c9e1519b4d716b2f5a", size = 2352061 },
    { url = "https://files.pythonhosted.org/packages/87/eb/e9971c7693a2d85e7f55760f7906211a95ff74af4d41b05d187849d7fb58/grpcio_tools-1.71.0-cp311-cp311-manylinux_2_17_i686.manylinux2014_i686.whl", hash = "sha256:8b93b9f6adc7491d4c10144c0643409db298e5e63c997106a804f6f0248dbaf4", size = 2745033 },
    { url = "https://files.pythonhosted.org/packages/15/72/4e69beae87a1b334f80da9e93c8e2f5c8fe4860c956a781246a092dc4c97/grpcio_tools-1.71.0-cp311-cp311-manylinux_2_17_x86_64.manylinux2014_x86_64.whl", hash = "sha256:6ae5f2efa9e644c10bf1021600bfc099dfbd8e02b184d2d25dc31fcd6c2bc59e", size = 2476743 },
    { url = "https://files.pythonhosted.org/packages/b5/f3/336d2c83f1bfc00a5376bf20dd2273d7aa891b03dd91b11c71ca47392351/grpcio_tools-1.71.0-cp311-cp311-musllinux_1_1_aarch64.whl", hash = "sha256:65aa082f4435571d65d5ce07fc444f23c3eff4f3e34abef599ef8c9e1f6f360f", size = 2853693 },
    { url = "https://files.pythonhosted.org/packages/62/ba/cc7ace518c11501a4b8620df5edb8188e81470e5b82dc6829212f3e9b2ff/grpcio_tools-1.71.0-cp311-cp311-musllinux_1_1_i686.whl", hash = "sha256:1331e726e08b7bdcbf2075fcf4b47dff07842b04845e6e220a08a4663e232d7f", size = 3304474 },
    { url = "https://files.pythonhosted.org/packages/00/0d/4b843654af3d5aa2f1a5775df1d583e6e3471e6d569106fd3213ad185a98/grpcio_tools-1.71.0-cp311-cp311-musllinux_1_1_x86_64.whl", hash = "sha256:6693a7d3ba138b0e693b3d1f687cdd9db9e68976c3fa2b951c17a072fea8b583", size = 2916147 },
    { url = "https://files.pythonhosted.org/packages/e4/14/047e1c817422bc3d434247b9c640c51fd51ca4e047583ff31d927c3dea73/grpcio_tools-1.71.0-cp311-cp311-win32.whl", hash = "sha256:6d11ed3ff7b6023b5c72a8654975324bb98c1092426ba5b481af406ff559df00", size = 949374 },
    { url = "https://files.pythonhosted.org/packages/86/cb/739a1b6d517672693796022c0f9061f63eaa243ec70cbbfa59bf881ed9fb/grpcio_tools-1.71.0-cp311-cp311-win_amd64.whl", hash = "sha256:072b2a5805ac97e4623b3aa8f7818275f3fb087f4aa131b0fce00471065f6eaa", size = 1120786 },
    { url = "https://files.pythonhosted.org/packages/de/e4/156956b92ad0298290c3d68e6670bc5a6fbefcccfe1ec3997480605e7135/grpcio_tools-1.71.0-cp312-cp312-linux_armv7l.whl", hash = "sha256:61c0409d5bdac57a7bd0ce0ab01c1c916728fe4c8a03d77a25135ad481eb505c", size = 2385480 },
    { url = "https://files.pythonhosted.org/packages/c1/08/9930eb4bb38c5214041c9f24f8b35e9864a7938282db986836546c782d52/grpcio_tools-1.71.0-cp312-cp312-macosx_10_14_universal2.whl", hash = "sha256:28784f39921d061d2164a9dcda5164a69d07bf29f91f0ea50b505958292312c9", size = 5951891 },
    { url = "https://files.pythonhosted.org/packages/73/65/931f29ec9c33719d48e1e30446ecce6f5d2cd4e4934fa73fbe07de41c43b/grpcio_tools-1.71.0-cp312-cp312-manylinux_2_17_aarch64.whl", hash = "sha256:192808cf553cedca73f0479cc61d5684ad61f24db7a5f3c4dfe1500342425866", size = 2351967 },
    { url = "https://files.pythonhosted.org/packages/b8/26/2ec8748534406214f20a4809c36efcfa88d1a26246e8312102e3ef8c295d/grpcio_tools-1.71.0-cp312-cp312-manylinux_2_17_i686.manylinux2014_i686.whl", hash = "sha256:989ee9da61098230d3d4c8f8f8e27c2de796f1ff21b1c90110e636d9acd9432b", size = 2745003 },
    { url = "https://files.pythonhosted.org/packages/f1/33/87b4610c86a4e10ee446b543a4d536f94ab04f828bab841f0bc1a083de72/grpcio_tools-1.71.0-cp312-cp312-manylinux_2_17_x86_64.manylinux2014_x86_64.whl", hash = "sha256:541a756276c8a55dec991f6c0106ae20c8c8f5ce8d0bdbfcb01e2338d1a8192b", size = 2476455 },
    { url = "https://files.pythonhosted.org/packages/00/7c/f7f0cc36a43be9d45b3ce2a55245f3c7d063a24b7930dd719929e58871a4/grpcio_tools-1.71.0-cp312-cp312-musllinux_1_1_aarch64.whl", hash = "sha256:870c0097700d13c403e5517cb7750ab5b4a791ce3e71791c411a38c5468b64bd", size = 2854333 },
    { url = "https://files.pythonhosted.org/packages/07/c4/34b9ea62b173c13fa7accba5f219355b320c05c80c79c3ba70fe52f47b2f/grpcio_tools-1.71.0-cp312-cp312-musllinux_1_1_i686.whl", hash = "sha256:abd57f615e88bf93c3c6fd31f923106e3beb12f8cd2df95b0d256fa07a7a0a57", size = 3304297 },
    { url = "https://files.pythonhosted.org/packages/5c/ef/9d3449db8a07688dc3de7dcbd2a07048a128610b1a491c5c0cb3e90a00c5/grpcio_tools-1.71.0-cp312-cp312-musllinux_1_1_x86_64.whl", hash = "sha256:753270e2d06d37e6d7af8967d1d059ec635ad215882041a36294f4e2fd502b2e", size = 2916212 },
    { url = "https://files.pythonhosted.org/packages/2e/c6/990e8194c934dfe7cf89ef307c319fa4f2bc0b78aeca707addbfa1e502f1/grpcio_tools-1.71.0-cp312-cp312-win32.whl", hash = "sha256:0e647794bd7138b8c215e86277a9711a95cf6a03ff6f9e555d54fdf7378b9f9d", size = 948849 },
    { url = "https://files.pythonhosted.org/packages/42/95/3c36d3205e6bd19853cc2420e44b6ef302eb4cfcf56498973c7e85f6c03b/grpcio_tools-1.71.0-cp312-cp312-win_amd64.whl", hash = "sha256:48debc879570972d28bfe98e4970eff25bb26da3f383e0e49829b2d2cd35ad87", size = 1120294 },
    { url = "https://files.pythonhosted.org/packages/84/a7/70dc7e9957bcbaccd4dcb6cc11215e0b918f546d55599221522fe0d073e0/grpcio_tools-1.71.0-cp313-cp313-linux_armv7l.whl", hash = "sha256:9a78d07d6c301a25ef5ede962920a522556a1dfee1ccc05795994ceb867f766c", size = 2384758 },
    { url = "https://files.pythonhosted.org/packages/65/79/57320b28d0a0c5ec94095fd571a65292f8ed7e1c47e59ae4021e8a48d49b/grpcio_tools-1.71.0-cp313-cp313-macosx_10_14_universal2.whl", hash = "sha256:580ac88141c9815557e63c9c04f5b1cdb19b4db8d0cb792b573354bde1ee8b12", size = 5951661 },
    { url = "https://files.pythonhosted.org/packages/80/3d/343df5ed7c5dd66fc7a19e4ef3e97ccc4f5d802122b04cd6492f0dcd79f5/grpcio_tools-1.71.0-cp313-cp313-manylinux_2_17_aarch64.whl", hash = "sha256:f7c678e68ece0ae908ecae1c4314a0c2c7f83e26e281738b9609860cc2c82d96", size = 2351571 },
    { url = "https://files.pythonhosted.org/packages/56/2f/b9736e8c84e880c4237f5b880c6c799b4977c5cde190999bc7ab4b2ec445/grpcio_tools-1.71.0-cp313-cp313-manylinux_2_17_i686.manylinux2014_i686.whl", hash = "sha256:56ecd6cc89b5e5eed1de5eb9cafce86c9c9043ee3840888cc464d16200290b53", size = 2744580 },
    { url = "https://files.pythonhosted.org/packages/76/9b/bdb384967353da7bf64bac4232f4cf8ae43f19d0f2f640978d4d4197e667/grpcio_tools-1.71.0-cp313-cp313-manylinux_2_17_x86_64.manylinux2014_x86_64.whl", hash = "sha256:e52a041afc20ab2431d756b6295d727bd7adee813b21b06a3483f4a7a15ea15f", size = 2475978 },
    { url = "https://files.pythonhosted.org/packages/26/71/1411487fd7862d347b98fda5e3beef611a71b2ac2faac62a965d9e2536b3/grpcio_tools-1.71.0-cp313-cp313-musllinux_1_1_aarch64.whl", hash = "sha256:2a1712f12102b60c8d92779b89d0504e0d6f3a59f2b933e5622b8583f5c02992", size = 2853314 },
    { url = "https://files.pythonhosted.org/packages/03/06/59d0523eb1ba2f64edc72cb150152fa1b2e77061cae3ef3ecd3ef2a87f51/grpcio_tools-1.71.0-cp313-cp313-musllinux_1_1_i686.whl", hash = "sha256:41878cb7a75477e62fdd45e7e9155b3af1b7a5332844021e2511deaf99ac9e6c", size = 3303981 },
    { url = "https://files.pythonhosted.org/packages/c2/71/fb9fb49f2b738ec1dfbbc8cdce0b26e5f9c5fc0edef72e453580620d6a36/grpcio_tools-1.71.0-cp313-cp313-musllinux_1_1_x86_64.whl", hash = "sha256:682e958b476049ccc14c71bedf3f979bced01f6e0c04852efc5887841a32ad6b", size = 2915876 },
    { url = "https://files.pythonhosted.org/packages/bd/0f/0d49f6fe6fa2d09e9820dd9eeb30437e86002303076be2b6ada0fb52b8f2/grpcio_tools-1.71.0-cp313-cp313-win32.whl", hash = "sha256:0ccfb837152b7b858b9f26bb110b3ae8c46675d56130f6c2f03605c4f129be13", size = 948245 },
    { url = "https://files.pythonhosted.org/packages/bb/14/ab131a39187bfea950280b2277a82d2033469fe8c86f73b10b19f53cc5ca/grpcio_tools-1.71.0-cp313-cp313-win_amd64.whl", hash = "sha256:ffff9bc5eacb34dd26b487194f7d44a3e64e752fc2cf049d798021bf25053b87", size = 1119649 },
    { url = "https://files.pythonhosted.org/packages/2f/97/32bfca79d9cb3fca18529cced5bcb5a566b9b37cb3d132888a1a24636d18/grpcio_tools-1.71.0-cp39-cp39-linux_armv7l.whl", hash = "sha256:834959b6eceb85de5217a411aba1643b5f782798680c122202d6a06177226644", size = 2385641 },
    { url = "https://files.pythonhosted.org/packages/34/56/025f4c45ee4d5ad1ed90e3e1cd25befda5ecc75fc18c4ea65ecfd2f5ab68/grpcio_tools-1.71.0-cp39-cp39-macosx_10_14_universal2.whl", hash = "sha256:e3ae9556e2a1cd70e7d7b0e0459c35af71d51a7dae4cf36075068011a69f13ec", size = 5953814 },
    { url = "https://files.pythonhosted.org/packages/e7/b1/a127bd3853a6bcdd66eeb693e2377f4fd966691635ee0a8197d28636e749/grpcio_tools-1.71.0-cp39-cp39-manylinux_2_17_aarch64.whl", hash = "sha256:77fe6db1334e0ce318b2cb4e70afa94e0c173ed1a533d37aea69ad9f61ae8ea9", size = 2351835 },
    { url = "https://files.pythonhosted.org/packages/e0/c7/057441b30252ed8e5d41b57b499fe0d37da2efc61dec37c6be9360a584db/grpcio_tools-1.71.0-cp39-cp39-manylinux_2_17_i686.manylinux2014_i686.whl", hash = "sha256:57e3e2544c306b60ef2d76570bac4e977be1ad548641c9eec130c3bc47e80141", size = 2745131 },
    { url = "https://files.pythonhosted.org/packages/d5/f0/387e64af4a030cfff5f4cc0d1c1661f056366ea176b51e32c76658ecdb33/grpcio_tools-1.71.0-cp39-cp39-manylinux_2_17_x86_64.manylinux2014_x86_64.whl", hash = "sha256:af39e245fa56f7f5c2fe86b7d6c1b78f395c07e54d5613cbdbb3c24769a92b6e", size = 2476831 },
    { url = "https://files.pythonhosted.org/packages/d0/1f/dc49dd1faff9b53d925ce2fa1b7b3689e21e5e291ce3319bdd6d2a9e907b/grpcio_tools-1.71.0-cp39-cp39-musllinux_1_1_aarch64.whl", hash = "sha256:8f987d0053351217954543b174b0bddbf51d45b3cfcf8d6de97b0a43d264d753", size = 2853524 },
    { url = "https://files.pythonhosted.org/packages/0c/21/01b755e08404c094c7a20077fe9c836aa0322aa1e5f67d287402373040da/grpcio_tools-1.71.0-cp39-cp39-musllinux_1_1_i686.whl", hash = "sha256:8e6cdbba4dae7b37b0d25d074614be9936fb720144420f03d9f142a80be69ba2", size = 3305019 },
    { url = "https://files.pythonhosted.org/packages/09/74/fa21f7589a08457e68978856888543313e2b1e77f4df6884f92f300c951d/grpcio_tools-1.71.0-cp39-cp39-musllinux_1_1_x86_64.whl", hash = "sha256:d3adc8b229e60c77bab5a5d62b415667133bd5ced7d59b5f71d6317c9143631e", size = 2916303 },
    { url = "https://files.pythonhosted.org/packages/ed/b3/b1fbe1c9a949cd5f53841456d2453cc21e2e78f3c2574d2671cd7511bcfd/grpcio_tools-1.71.0-cp39-cp39-win32.whl", hash = "sha256:f68334d28a267fabec6e70cb5986e9999cfbfd14db654094ddf9aedd804a293a", size = 949749 },
    { url = "https://files.pythonhosted.org/packages/92/f4/35159778c2685583850c3a883aa584d160ffe1e671050ed2b2589e0214e3/grpcio_tools-1.71.0-cp39-cp39-win_amd64.whl", hash = "sha256:1291a6136c07a86c3bb09f6c33f5cf227cc14956edd1b85cb572327a36e0aef8", size = 1121278 },
]

[[package]]
name = "protobuf"
version = "5.29.4"
source = { registry = "https://pypi.org/simple" }
sdist = { url = "https://files.pythonhosted.org/packages/17/7d/b9dca7365f0e2c4fa7c193ff795427cfa6290147e5185ab11ece280a18e7/protobuf-5.29.4.tar.gz", hash = "sha256:4f1dfcd7997b31ef8f53ec82781ff434a28bf71d9102ddde14d076adcfc78c99", size = 424902 }
wheels = [
    { url = "https://files.pythonhosted.org/packages/9a/b2/043a1a1a20edd134563699b0e91862726a0dc9146c090743b6c44d798e75/protobuf-5.29.4-cp310-abi3-win32.whl", hash = "sha256:13eb236f8eb9ec34e63fc8b1d6efd2777d062fa6aaa68268fb67cf77f6839ad7", size = 422709 },
    { url = "https://files.pythonhosted.org/packages/79/fc/2474b59570daa818de6124c0a15741ee3e5d6302e9d6ce0bdfd12e98119f/protobuf-5.29.4-cp310-abi3-win_amd64.whl", hash = "sha256:bcefcdf3976233f8a502d265eb65ea740c989bacc6c30a58290ed0e519eb4b8d", size = 434506 },
    { url = "https://files.pythonhosted.org/packages/46/de/7c126bbb06aa0f8a7b38aaf8bd746c514d70e6a2a3f6dd460b3b7aad7aae/protobuf-5.29.4-cp38-abi3-macosx_10_9_universal2.whl", hash = "sha256:307ecba1d852ec237e9ba668e087326a67564ef83e45a0189a772ede9e854dd0", size = 417826 },
    { url = "https://files.pythonhosted.org/packages/a2/b5/bade14ae31ba871a139aa45e7a8183d869efe87c34a4850c87b936963261/protobuf-5.29.4-cp38-abi3-manylinux2014_aarch64.whl", hash = "sha256:aec4962f9ea93c431d5714ed1be1c93f13e1a8618e70035ba2b0564d9e633f2e", size = 319574 },
    { url = "https://files.pythonhosted.org/packages/46/88/b01ed2291aae68b708f7d334288ad5fb3e7aa769a9c309c91a0d55cb91b0/protobuf-5.29.4-cp38-abi3-manylinux2014_x86_64.whl", hash = "sha256:d7d3f7d1d5a66ed4942d4fefb12ac4b14a29028b209d4bfb25c68ae172059922", size = 319672 },
    { url = "https://files.pythonhosted.org/packages/8a/b8/c3847343ebd9c7ae0b762de1e173b110689fd334ac8dcf1697ffd9316861/protobuf-5.29.4-cp39-cp39-win32.whl", hash = "sha256:fd32223020cb25a2cc100366f1dedc904e2d71d9322403224cdde5fdced0dabe", size = 422675 },
    { url = "https://files.pythonhosted.org/packages/f0/74/e23e1ab05b27ce0b55f70be90df82076a5c18924d98679110459c52bacd9/protobuf-5.29.4-cp39-cp39-win_amd64.whl", hash = "sha256:678974e1e3a9b975b8bc2447fca458db5f93a2fb6b0c8db46b6675b5b5346812", size = 434594 },
    { url = "https://files.pythonhosted.org/packages/12/fb/a586e0c973c95502e054ac5f81f88394f24ccc7982dac19c515acd9e2c93/protobuf-5.29.4-py3-none-any.whl", hash = "sha256:3fde11b505e1597f71b875ef2fc52062b6a9740e5f7c8997ce878b6009145862", size = 172551 },
]

[[package]]
name = "setuptools"
version = "78.1.0"
source = { registry = "https://pypi.org/simple" }
sdist = { url = "https://files.pythonhosted.org/packages/a9/5a/0db4da3bc908df06e5efae42b44e75c81dd52716e10192ff36d0c1c8e379/setuptools-78.1.0.tar.gz", hash = "sha256:18fd474d4a82a5f83dac888df697af65afa82dec7323d09c3e37d1f14288da54", size = 1367827 }
wheels = [
    { url = "https://files.pythonhosted.org/packages/54/21/f43f0a1fa8b06b32812e0975981f4677d28e0f3271601dc88ac5a5b83220/setuptools-78.1.0-py3-none-any.whl", hash = "sha256:3e386e96793c8702ae83d17b853fb93d3e09ef82ec62722e61da5cd22376dcd8", size = 1256108 },
]

[[package]]
name = "v4-proto-py"
version = "8.0.6"
source = { virtual = "." }
dependencies = [
    { name = "grpcio" },
    { name = "grpcio-tools" },
    { name = "protobuf" },
]

[package.metadata]
requires-dist = [
    { name = "grpcio", specifier = ">=1.54" },
    { name = "grpcio-tools", specifier = ">=1.54" },
    { name = "protobuf", specifier = ">=4.23" },
]
